
Microsoft Visual Studio Solution File, Format Version 12.00
# Visual Studio Version 16
VisualStudioVersion = 16.0.28803.352
MinimumVisualStudioVersion = 10.0.40219.1
Project("{9A19103F-16F7-4668-BE54-9A1E7A4F7556}") = "Tlc59711", "Tlc59711.csproj", "{7D5DA257-7533-4D9F-962C-AD28F8C92445}"
EndProject
Global
	GlobalSection(SolutionConfigurationPlatforms) = preSolution
		Debug|Any CPU = Debug|Any CPU
		Release|Any CPU = Release|Any CPU
	EndGlobalSection
	GlobalSection(ProjectConfigurationPlatforms) = postSolution
		{7D5DA257-7533-4D9F-962C-AD28F8C92445}.Debug|Any CPU.ActiveCfg = Debug|Any CPU
		{7D5DA257-7533-4D9F-962C-AD28F8C92445}.Debug|Any CPU.Build.0 = Debug|Any CPU
		{7D5DA257-7533-4D9F-962C-AD28F8C92445}.Release|Any CPU.ActiveCfg = Release|Any CPU
		{7D5DA257-7533-4D9F-962C-AD28F8C92445}.Release|Any CPU.Build.0 = Release|Any CPU
	EndGlobalSection
	GlobalSection(SolutionProperties) = preSolution
		HideSolutionNode = FALSE
	EndGlobalSection
	GlobalSection(ExtensibilityGlobals) = postSolution
		SolutionGuid = {ACF486B7-E555-4CF1-AC54-FD030535AB2A}
	EndGlobalSection
EndGlobal
